
Microsoft Visual Studio Solution File, Format Version 12.00
# Visual Studio 2012
Project("{E24C65DC-7377-472B-9ABA-BC803B73C61A}") = "WebSitePackage", ".", "{AF0E7793-BA08-4749-AC10-2F0568B8BBE0}"
	ProjectSection(WebsiteProperties) = preProject
		TargetFrameworkMoniker = ".NETFramework,Version%3Dv4.5"
		Debug.AspNetCompiler.VirtualPath = "/WebSitePackage"
		Debug.AspNetCompiler.PhysicalPath = "..\WebSitePackage\"
		Debug.AspNetCompiler.TargetPath = "PrecompiledWeb\WebSitePackage\"
		Debug.AspNetCompiler.Updateable = "true"
		Debug.AspNetCompiler.ForceOverwrite = "true"
		Debug.AspNetCompiler.FixedNames = "false"
		Debug.AspNetCompiler.Debug = "True"
		Release.AspNetCompiler.VirtualPath = "/WebSitePackage"
		Release.AspNetCompiler.PhysicalPath = "..\WebSitePackage\"
		Release.AspNetCompiler.TargetPath = "PrecompiledWeb\WebSitePackage\"
		Release.AspNetCompiler.Updateable = "true"
		Release.AspNetCompiler.ForceOverwrite = "true"
		Release.AspNetCompiler.FixedNames = "false"
		Release.AspNetCompiler.Debug = "False"
		VWDPort = "2309"
	EndProjectSection
EndProject
Global
	GlobalSection(SolutionConfigurationPlatforms) = preSolution
		Debug|Any CPU = Debug|Any CPU
	EndGlobalSection
	GlobalSection(ProjectConfigurationPlatforms) = postSolution
		{AF0E7793-BA08-4749-AC10-2F0568B8BBE0}.Debug|Any CPU.ActiveCfg = Debug|Any CPU
		{AF0E7793-BA08-4749-AC10-2F0568B8BBE0}.Debug|Any CPU.Build.0 = Debug|Any CPU
	EndGlobalSection
	GlobalSection(SolutionProperties) = preSolution
		HideSolutionNode = FALSE
	EndGlobalSection
EndGlobal
